{
  "name": "my-app",
  "version": "0.0.1",
  "lockfileVersion": 2,
  "requires": true,
  "packages": {
    "": {
      "name": "my-app",
      "version": "0.0.1",
      "dependencies": {
        "@fontsource/fira-mono": "^4.5.0",
        "@lukeed/uuid": "^2.0.0",
        "cookie": "^0.4.1"
      },
      "devDependencies": {
        "@sveltejs/adapter-auto": "next",
        "@sveltejs/kit": "next",
        "svelte": "^3.44.0"
      }
    },
    "node_modules/@fontsource/fira-mono": {
      "version": "4.5.0",
      "resolved": "https://artifacts.apple.com/api/npm/npm-private/@fontsource/fira-mono/-/fira-mono-4.5.0.tgz",
      "integrity": "sha1-vql6VLYNwmnRx4RpsAeDWvRN+n8=",
      "license": "MIT"
    },
    "node_modules/@iarna/toml": {
      "version": "2.2.5",
      "resolved": "https://artifacts.apple.com/api/npm/npm-private/@iarna/toml/-/toml-2.2.5.tgz",
      "integrity": "sha1-syNmyJtDxvjO+976x3i5yCjjuow=",
      "dev": true,
      "license": "ISC"
    },
    "node_modules/@lukeed/csprng": {
      "version": "1.0.1",
      "resolved": "https://artifacts.apple.com/api/npm/npm-private/@lukeed/csprng/-/csprng-1.0.1.tgz",
      "integrity": "sha1-Yl6ToO2yyDDjxSzi1nudUzd8amY=",
      "license": "MIT",
      "engines": {
        "node": ">=8"
      }
    },
    "node_modules/@lukeed/uuid": {
      "version": "2.0.0",
      "resolved": "https://artifacts.apple.com/api/npm/npm-private/@lukeed/uuid/-/uuid-2.0.0.tgz",
      "integrity": "sha1-HA8zwHHLaQK8O55HV4KtpzFO+b0=",
      "license": "MIT",
      "dependencies": {
        "@lukeed/csprng": "^1.0.0"
      },
      "engines": {
        "node": ">=8"
      }
    },
    "node_modules/@rollup/pluginutils": {
      "version": "4.1.2",
      "resolved": "https://artifacts.apple.com/api/npm/npm-private/@rollup/pluginutils/-/pluginutils-4.1.2.tgz",
      "integrity": "sha1-7VghwV5eBeMoFvX7nsYHzfWnV1E=",
      "dev": true,
      "license": "MIT",
      "dependencies": {
        "estree-walker": "^2.0.1",
        "picomatch": "^2.2.2"
      },
      "engines": {
        "node": ">= 8.0.0"
      }
    },
    "node_modules/@sveltejs/adapter-auto": {
      "version": "1.0.0-next.10",
      "resolved": "https://artifacts.apple.com/api/npm/npm-private/@sveltejs/adapter-auto/-/adapter-auto-1.0.0-next.10.tgz",
      "integrity": "sha1-x0Ny6TmPJL/270k+3NXRSBpR0gs=",
      "dev": true,
      "license": "MIT",
      "dependencies": {
        "@sveltejs/adapter-cloudflare": "1.0.0-next.7",
        "@sveltejs/adapter-netlify": "1.0.0-next.38",
        "@sveltejs/adapter-vercel": "1.0.0-next.36"
      }
    },
    "node_modules/@sveltejs/adapter-cloudflare": {
      "version": "1.0.0-next.7",
      "resolved": "https://artifacts.apple.com/api/npm/npm-private/@sveltejs/adapter-cloudflare/-/adapter-cloudflare-1.0.0-next.7.tgz",
      "integrity": "sha1-21zm3z0Tnur208XezFAr8e7QgII=",
      "dev": true,
      "license": "MIT",
      "dependencies": {
        "esbuild": "^0.13.15"
      }
    },
    "node_modules/@sveltejs/adapter-netlify": {
      "version": "1.0.0-next.38",
      "resolved": "https://artifacts.apple.com/api/npm/npm-private/@sveltejs/adapter-netlify/-/adapter-netlify-1.0.0-next.38.tgz",
      "integrity": "sha1-G3EOaxHYM4WvDnKaQIZrMsnHZ4g=",
      "dev": true,
      "license": "MIT",
      "dependencies": {
        "@iarna/toml": "^2.2.5",
        "esbuild": "^0.13.15",
        "tiny-glob": "^0.2.9"
      }
    },
    "node_modules/@sveltejs/adapter-vercel": {
      "version": "1.0.0-next.36",
      "resolved": "https://artifacts.apple.com/api/npm/npm-private/@sveltejs/adapter-vercel/-/adapter-vercel-1.0.0-next.36.tgz",
      "integrity": "sha1-QWMxRGEpOqKa8UGYg9AXCojdYdU=",
      "dev": true,
      "license": "MIT",
      "dependencies": {
        "esbuild": "^0.13.15"
      }
    },
    "node_modules/@sveltejs/kit": {
      "version": "1.0.0-next.229",
      "resolved": "https://artifacts.apple.com/api/npm/npm-private/@sveltejs/kit/-/kit-1.0.0-next.229.tgz",
      "integrity": "sha1-nTc9zw1XL88AwG9Ud4EMPDGIEMU=",
      "dev": true,
      "license": "MIT",
      "dependencies": {
        "@sveltejs/vite-plugin-svelte": "^1.0.0-next.32",
        "sade": "^1.7.4",
        "vite": "^2.7.2"
      },
      "bin": {
        "svelte-kit": "svelte-kit.js"
      },
      "engines": {
        "node": ">=14.13"
      },
      "peerDependencies": {
        "svelte": "^3.44.0"
      }
    },
    "node_modules/@sveltejs/vite-plugin-svelte": {
      "version": "1.0.0-next.34",
      "resolved": "https://artifacts.apple.com/api/npm/npm-private/@sveltejs/vite-plugin-svelte/-/vite-plugin-svelte-1.0.0-next.34.tgz",
      "integrity": "sha1-JBULpXJlLLOr38EgXWquIybMk7Q=",
      "dev": true,
      "license": "MIT",
      "dependencies": {
        "@rollup/pluginutils": "^4.1.2",
        "debug": "^4.3.3",
        "kleur": "^4.1.4",
        "magic-string": "^0.25.7",
        "require-relative": "^0.8.7",
        "svelte-hmr": "^0.14.9"
      },
      "engines": {
        "node": "^14.13.1 || >= 16"
      },
      "peerDependencies": {
        "diff-match-patch": "^1.0.5",
        "svelte": "^3.44.0",
        "vite": "^2.7.0"
      },
      "peerDependenciesMeta": {
        "diff-match-patch": {
          "optional": true
        }
      }
    },
    "node_modules/cookie": {
      "version": "0.4.1",
      "resolved": "https://artifacts.apple.com/api/npm/npm-private/cookie/-/cookie-0.4.1.tgz",
      "integrity": "sha1-r9cT/ibr0hupXOth+agRblClN9E=",
      "license": "MIT",
      "engines": {
        "node": ">= 0.6"
      }
    },
    "node_modules/debug": {
      "version": "4.3.3",
      "resolved": "https://artifacts.apple.com/api/npm/npm-private/debug/-/debug-4.3.3.tgz",
      "integrity": "sha1-BCZuC3CpjURi5uKI44JZITMytmQ=",
      "dev": true,
      "license": "MIT",
      "dependencies": {
        "ms": "2.1.2"
      },
      "engines": {
        "node": ">=6.0"
      },
      "peerDependenciesMeta": {
        "supports-color": {
          "optional": true
        }
      }
    },
    "node_modules/esbuild": {
      "version": "0.13.15",
      "resolved": "https://artifacts.apple.com/api/npm/npm-private/esbuild/-/esbuild-0.13.15.tgz",
      "integrity": "sha1-21aogWbuNz+H27LYeY/0SeBFDN8=",
      "dev": true,
      "hasInstallScript": true,
      "license": "MIT",
      "bin": {
        "esbuild": "bin/esbuild"
      },
      "optionalDependencies": {
        "esbuild-android-arm64": "0.13.15",
        "esbuild-darwin-64": "0.13.15",
        "esbuild-darwin-arm64": "0.13.15",
        "esbuild-freebsd-64": "0.13.15",
        "esbuild-freebsd-arm64": "0.13.15",
        "esbuild-linux-32": "0.13.15",
        "esbuild-linux-64": "0.13.15",
        "esbuild-linux-arm": "0.13.15",
        "esbuild-linux-arm64": "0.13.15",
        "esbuild-linux-mips64le": "0.13.15",
        "esbuild-linux-ppc64le": "0.13.15",
        "esbuild-netbsd-64": "0.13.15",
        "esbuild-openbsd-64": "0.13.15",
        "esbuild-sunos-64": "0.13.15",
        "esbuild-windows-32": "0.13.15",
        "esbuild-windows-64": "0.13.15",
        "esbuild-windows-arm64": "0.13.15"
      }
    },
    "node_modules/esbuild-android-arm64": {
      "version": "0.13.15",
      "resolved": "https://artifacts.apple.com/api/npm/npm-private/esbuild-android-arm64/-/esbuild-android-arm64-0.13.15.tgz",
      "integrity": "sha1-P8P/C6t2/jXdI3R2tdKzK7IKPUQ=",
      "cpu": [
        "arm64"
      ],
      "dev": true,
      "license": "MIT",
      "optional": true,
      "os": [
        "android"
      ]
    },
    "node_modules/esbuild-darwin-64": {
      "version": "0.13.15",
      "resolved": "https://artifacts.apple.com/api/npm/npm-private/esbuild-darwin-64/-/esbuild-darwin-64-0.13.15.tgz",
      "integrity": "sha1-jpFpwWuvRE6s7GDQmyTRGyVajnI=",
      "cpu": [
        "x64"
      ],
      "dev": true,
      "license": "MIT",
      "optional": true,
      "os": [
        "darwin"
      ]
    },
    "node_modules/esbuild-darwin-arm64": {
      "version": "0.13.15",
      "resolved": "https://artifacts.apple.com/api/npm/npm-private/esbuild-darwin-arm64/-/esbuild-darwin-arm64-0.13.15.tgz",
      "integrity": "sha1-Gwf4k7YyEU+AXhiN38pBsrd4Ipo=",
      "cpu": [
        "arm64"
      ],
      "dev": true,
      "license": "MIT",
      "optional": true,
      "os": [
        "darwin"
      ]
    },
    "node_modules/esbuild-freebsd-64": {
      "version": "0.13.15",
      "resolved": "https://artifacts.apple.com/api/npm/npm-private/esbuild-freebsd-64/-/esbuild-freebsd-64-0.13.15.tgz",
      "integrity": "sha1-C4t+yhaQyOyUx1aAw4wHJpwfSoU=",
      "cpu": [
        "x64"
      ],
      "dev": true,
      "license": "MIT",
      "optional": true,
      "os": [
        "freebsd"
      ]
    },
    "node_modules/esbuild-freebsd-arm64": {
      "version": "0.13.15",
      "resolved": "https://artifacts.apple.com/api/npm/npm-private/esbuild-freebsd-arm64/-/esbuild-freebsd-arm64-0.13.15.tgz",
      "integrity": "sha1-LhpsaWv9zSCplXi3Y1C0HbGTTlI=",
      "cpu": [
        "arm64"
      ],
      "dev": true,
      "license": "MIT",
      "optional": true,
      "os": [
        "freebsd"
      ]
    },
    "node_modules/esbuild-linux-32": {
      "version": "0.13.15",
      "resolved": "https://artifacts.apple.com/api/npm/npm-private/esbuild-linux-32/-/esbuild-linux-32-0.13.15.tgz",
      "integrity": "sha1-b9OfNvxm3UW2tfUVcox7vrw0Kmk=",
      "cpu": [
        "ia32"
      ],
      "dev": true,
      "license": "MIT",
      "optional": true,
      "os": [
        "linux"
      ]
    },
    "node_modules/esbuild-linux-64": {
      "version": "0.13.15",
      "resolved": "https://artifacts.apple.com/api/npm/npm-private/esbuild-linux-64/-/esbuild-linux-64-0.13.15.tgz",
      "integrity": "sha1-nLjkvNdXTmeUbk7l8fHhI4a7bdM=",
      "cpu": [
        "x64"
      ],
      "dev": true,
      "license": "MIT",
      "optional": true,
      "os": [
        "linux"
      ]
    },
    "node_modules/esbuild-linux-arm": {
      "version": "0.13.15",
      "resolved": "https://artifacts.apple.com/api/npm/npm-private/esbuild-linux-arm/-/esbuild-linux-arm-0.13.15.tgz",
      "integrity": "sha1-igDpnmoMbJprfzNIQTZNiitK7P4=",
      "cpu": [
        "arm"
      ],
      "dev": true,
      "license": "MIT",
      "optional": true,
      "os": [
        "linux"
      ]
    },
    "node_modules/esbuild-linux-arm64": {
      "version": "0.13.15",
      "resolved": "https://artifacts.apple.com/api/npm/npm-private/esbuild-linux-arm64/-/esbuild-linux-arm64-0.13.15.tgz",
      "integrity": "sha1-OJGqNwTsV5obktKlhhIuW2or+6E=",
      "cpu": [
        "arm64"
      ],
      "dev": true,
      "license": "MIT",
      "optional": true,
      "os": [
        "linux"
      ]
    },
    "node_modules/esbuild-linux-mips64le": {
      "version": "0.13.15",
      "resolved": "https://artifacts.apple.com/api/npm/npm-private/esbuild-linux-mips64le/-/esbuild-linux-mips64le-0.13.15.tgz",
      "integrity": "sha1-NrB8xHw9IeSNs7sfTZ749Grq1Pc=",
      "cpu": [
        "mips64el"
      ],
      "dev": true,
      "license": "MIT",
      "optional": true,
      "os": [
        "linux"
      ]
    },
    "node_modules/esbuild-linux-ppc64le": {
      "version": "0.13.15",
      "resolved": "https://artifacts.apple.com/api/npm/npm-private/esbuild-linux-ppc64le/-/esbuild-linux-ppc64le-0.13.15.tgz",
      "integrity": "sha1-9+a7pAuaEeudyuWwFVDqBGcO2tI=",
      "cpu": [
        "ppc64"
      ],
      "dev": true,
      "license": "MIT",
      "optional": true,
      "os": [
        "linux"
      ]
    },
    "node_modules/esbuild-netbsd-64": {
      "version": "0.13.15",
      "resolved": "https://artifacts.apple.com/api/npm/npm-private/esbuild-netbsd-64/-/esbuild-netbsd-64-0.13.15.tgz",
      "integrity": "sha1-ov7cVJwrYp1YCnMthAcSsI1EADg=",
      "cpu": [
        "x64"
      ],
      "dev": true,
      "license": "MIT",
      "optional": true,
      "os": [
        "netbsd"
      ]
    },
    "node_modules/esbuild-openbsd-64": {
      "version": "0.13.15",
      "resolved": "https://artifacts.apple.com/api/npm/npm-private/esbuild-openbsd-64/-/esbuild-openbsd-64-0.13.15.tgz",
      "integrity": "sha1-siwOWAbTofvwMlhyA3+IUwawXNc=",
      "cpu": [
        "x64"
      ],
      "dev": true,
      "license": "MIT",
      "optional": true,
      "os": [
        "openbsd"
      ]
    },
    "node_modules/esbuild-sunos-64": {
      "version": "0.13.15",
      "resolved": "https://artifacts.apple.com/api/npm/npm-private/esbuild-sunos-64/-/esbuild-sunos-64-0.13.15.tgz",
      "integrity": "sha1-0LZFSog3XujTlk2u/1XIXJHHzvQ=",
      "cpu": [
        "x64"
      ],
      "dev": true,
      "license": "MIT",
      "optional": true,
      "os": [
        "sunos"
      ]
    },
    "node_modules/esbuild-windows-32": {
      "version": "0.13.15",
      "resolved": "https://artifacts.apple.com/api/npm/npm-private/esbuild-windows-32/-/esbuild-windows-32-0.13.15.tgz",
      "integrity": "sha1-yW0Lm7tS8zAzIlgu+OSEfFrTdac=",
      "cpu": [
        "ia32"
      ],
      "dev": true,
      "license": "MIT",
      "optional": true,
      "os": [
        "win32"
      ]
    },
    "node_modules/esbuild-windows-64": {
      "version": "0.13.15",
      "resolved": "https://artifacts.apple.com/api/npm/npm-private/esbuild-windows-64/-/esbuild-windows-64-0.13.15.tgz",
      "integrity": "sha1-H3nLmx4bsC+yXNQUy5DU6iiSwpQ=",
      "cpu": [
        "x64"
      ],
      "dev": true,
      "license": "MIT",
      "optional": true,
      "os": [
        "win32"
      ]
    },
    "node_modules/esbuild-windows-arm64": {
      "version": "0.13.15",
      "resolved": "https://artifacts.apple.com/api/npm/npm-private/esbuild-windows-arm64/-/esbuild-windows-arm64-0.13.15.tgz",
      "integrity": "sha1-SCFzBwgQ3yKnUsaGUJw3DDvjs8M=",
      "cpu": [
        "arm64"
      ],
      "dev": true,
      "license": "MIT",
      "optional": true,
      "os": [
        "win32"
      ]
    },
    "node_modules/estree-walker": {
      "version": "2.0.2",
      "resolved": "https://artifacts.apple.com/api/npm/npm-private/estree-walker/-/estree-walker-2.0.2.tgz",
      "integrity": "sha1-UvAQF4wqTBF6d1fP6UKtt9LaTKw=",
      "dev": true,
      "license": "MIT"
    },
    "node_modules/fsevents": {
      "version": "2.3.2",
      "resolved": "https://artifacts.apple.com/api/npm/npm-private/fsevents/-/fsevents-2.3.2.tgz",
      "integrity": "sha1-ilJveLj99GI7cJ4Ll1xSwkwC/Ro=",
      "dev": true,
      "hasInstallScript": true,
      "license": "MIT",
      "optional": true,
      "os": [
        "darwin"
      ],
      "engines": {
        "node": "^8.16.0 || ^10.6.0 || >=11.0.0"
      }
    },
    "node_modules/function-bind": {
      "version": "1.1.1",
      "resolved": "https://artifacts.apple.com/api/npm/npm-private/function-bind/-/function-bind-1.1.1.tgz",
      "integrity": "sha1-pWiZ0+o8m6uHS7l3O3xe3pL0iV0=",
      "dev": true,
      "license": "MIT"
    },
    "node_modules/globalyzer": {
      "version": "0.1.0",
      "resolved": "https://artifacts.apple.com/api/npm/npm-private/globalyzer/-/globalyzer-0.1.0.tgz",
      "integrity": "sha1-y3baeVVWaaFRnVqO3wk6+qC/FGU=",
      "dev": true,
      "license": "MIT"
    },
    "node_modules/globrex": {
      "version": "0.1.2",
      "resolved": "https://artifacts.apple.com/api/npm/npm-private/globrex/-/globrex-0.1.2.tgz",
      "integrity": "sha1-3V2eyCYjJzDNZ5Ol4zqTApheYJg=",
      "dev": true,
      "license": "MIT"
    },
    "node_modules/has": {
      "version": "1.0.3",
      "resolved": "https://artifacts.apple.com/api/npm/npm-private/has/-/has-1.0.3.tgz",
      "integrity": "sha1-ci18v8H2qoJB8W3YFOAR4fQeh5Y=",
      "dev": true,
      "license": "MIT",
      "dependencies": {
        "function-bind": "^1.1.1"
      },
      "engines": {
        "node": ">= 0.4.0"
      }
    },
    "node_modules/is-core-module": {
      "version": "2.8.1",
      "resolved": "https://artifacts.apple.com/api/npm/npm-private/is-core-module/-/is-core-module-2.8.1.tgz",
      "integrity": "sha1-9Z/fynAdWHnQprEApAqhVgzichE=",
      "dev": true,
      "license": "MIT",
      "dependencies": {
        "has": "^1.0.3"
      },
      "funding": {
        "url": "https://github.com/sponsors/ljharb"
      }
    },
    "node_modules/kleur": {
      "version": "4.1.4",
      "resolved": "https://artifacts.apple.com/api/npm/npm-private/kleur/-/kleur-4.1.4.tgz",
      "integrity": "sha1-jCAph9fld3ZtA5qM1GGTTAHNoE0=",
      "dev": true,
      "license": "MIT",
      "engines": {
        "node": ">=6"
      }
    },
    "node_modules/magic-string": {
      "version": "0.25.7",
      "resolved": "https://artifacts.apple.com/api/npm/npm-private/magic-string/-/magic-string-0.25.7.tgz",
      "integrity": "sha1-P0l9b9NMZpxnmNy4IfLvMfVEUFE=",
      "dev": true,
      "license": "MIT",
      "dependencies": {
        "sourcemap-codec": "^1.4.4"
      }
    },
    "node_modules/mri": {
      "version": "1.2.0",
      "resolved": "https://artifacts.apple.com/api/npm/npm-private/mri/-/mri-1.2.0.tgz",
      "integrity": "sha1-ZyFID+wqEaSImGERWki2y+fMjws=",
      "dev": true,
      "license": "MIT",
      "engines": {
        "node": ">=4"
      }
    },
    "node_modules/ms": {
      "version": "2.1.2",
      "resolved": "https://artifacts.apple.com/api/npm/npm-private/ms/-/ms-2.1.2.tgz",
      "integrity": "sha1-0J0fNXtEP0kzgqjrPM0YOHKuYAk=",
      "dev": true,
      "license": "MIT"
    },
    "node_modules/nanoid": {
      "version": "3.1.32",
      "resolved": "https://artifacts.apple.com/api/npm/npm-private/nanoid/-/nanoid-3.1.32.tgz",
      "integrity": "sha1-j5YGnmI5zAqa6MDTtBo7STOojAo=",
      "dev": true,
      "license": "MIT",
      "bin": {
        "nanoid": "bin/nanoid.cjs"
      },
      "engines": {
        "node": "^10 || ^12 || ^13.7 || ^14 || >=15.0.1"
      }
    },
    "node_modules/path-parse": {
      "version": "1.0.7",
      "resolved": "https://artifacts.apple.com/api/npm/npm-private/path-parse/-/path-parse-1.0.7.tgz",
      "integrity": "sha1-+8EUtgykKzDZ2vWFjkvWi77bZzU=",
      "dev": true,
      "license": "MIT"
    },
    "node_modules/picocolors": {
      "version": "1.0.0",
      "resolved": "https://artifacts.apple.com/api/npm/npm-private/picocolors/-/picocolors-1.0.0.tgz",
      "integrity": "sha1-y1vcdP8/UYkiNur3nWi8RFZKuBw=",
      "dev": true,
      "license": "ISC"
    },
    "node_modules/picomatch": {
      "version": "2.3.1",
      "resolved": "https://artifacts.apple.com/api/npm/npm-private/picomatch/-/picomatch-2.3.1.tgz",
      "integrity": "sha1-O6ODNzNkbZ0+SZWUbBNlpn+wekI=",
      "dev": true,
      "license": "MIT",
      "engines": {
        "node": ">=8.6"
      },
      "funding": {
        "url": "https://github.com/sponsors/jonschlinkert"
      }
    },
    "node_modules/postcss": {
      "version": "8.4.5",
      "resolved": "https://artifacts.apple.com/api/npm/npm-private/postcss/-/postcss-8.4.5.tgz",
      "integrity": "sha1-uuZldk39TG/MJNwP3356oAzHf5U=",
      "dev": true,
      "license": "MIT",
      "dependencies": {
        "nanoid": "^3.1.30",
        "picocolors": "^1.0.0",
        "source-map-js": "^1.0.1"
      },
      "engines": {
        "node": "^10 || ^12 || >=14"
      },
      "funding": {
        "type": "opencollective",
        "url": "https://opencollective.com/postcss/"
      }
    },
    "node_modules/require-relative": {
      "version": "0.8.7",
      "resolved": "https://artifacts.apple.com/api/npm/npm-private/require-relative/-/require-relative-0.8.7.tgz",
      "integrity": "sha1-eZlTn8ngR6N5KPoZb44VY9q9Nt4=",
      "dev": true,
      "license": "MIT"
    },
    "node_modules/resolve": {
      "version": "1.21.0",
      "resolved": "https://artifacts.apple.com/api/npm/npm-private/resolve/-/resolve-1.21.0.tgz",
      "integrity": "sha1-tRrcl/NHLmpc9ERNNLyda5A3WR8=",
      "dev": true,
      "license": "MIT",
      "dependencies": {
        "is-core-module": "^2.8.0",
        "path-parse": "^1.0.7",
        "supports-preserve-symlinks-flag": "^1.0.0"
      },
      "bin": {
        "resolve": "bin/resolve"
      },
      "funding": {
        "url": "https://github.com/sponsors/ljharb"
      }
    },
    "node_modules/rollup": {
      "version": "2.63.0",
      "resolved": "https://artifacts.apple.com/api/npm/npm-private/rollup/-/rollup-2.63.0.tgz",
      "integrity": "sha1-/i9/7CEz8/q54CK5rCRWKNgXxrs=",
      "dev": true,
      "license": "MIT",
      "bin": {
        "rollup": "dist/bin/rollup"
      },
      "engines": {
        "node": ">=10.0.0"
      },
      "optionalDependencies": {
        "fsevents": "~2.3.2"
      }
    },
    "node_modules/sade": {
      "version": "1.8.1",
      "resolved": "https://artifacts.apple.com/api/npm/npm-private/sade/-/sade-1.8.1.tgz",
      "integrity": "sha1-CnjoHWWNOUiHvlfSpAm/cDo7JwE=",
      "dev": true,
      "license": "MIT",
      "dependencies": {
        "mri": "^1.1.0"
      },
      "engines": {
        "node": ">=6"
      }
    },
    "node_modules/source-map-js": {
      "version": "1.0.1",
      "resolved": "https://artifacts.apple.com/api/npm/npm-private/source-map-js/-/source-map-js-1.0.1.tgz",
      "integrity": "sha1-oXQcEx48d9BIJSrfok4juQhnDK8=",
      "dev": true,
      "license": "BSD-3-Clause",
      "engines": {
        "node": ">=0.10.0"
      }
    },
    "node_modules/sourcemap-codec": {
      "version": "1.4.8",
      "resolved": "https://artifacts.apple.com/api/npm/npm-private/sourcemap-codec/-/sourcemap-codec-1.4.8.tgz",
      "integrity": "sha1-6oBL2UhXQC5pktBaOO8a41qatMQ=",
      "dev": true,
      "license": "MIT"
    },
    "node_modules/supports-preserve-symlinks-flag": {
      "version": "1.0.0",
      "resolved": "https://artifacts.apple.com/api/npm/npm-private/supports-preserve-symlinks-flag/-/supports-preserve-symlinks-flag-1.0.0.tgz",
      "integrity": "sha1-btpL00SjyUrqN21MwxvHcxEDngk=",
      "dev": true,
      "license": "MIT",
      "engines": {
        "node": ">= 0.4"
      },
      "funding": {
        "url": "https://github.com/sponsors/ljharb"
      }
    },
    "node_modules/svelte": {
      "version": "3.46.1",
      "resolved": "https://artifacts.apple.com/api/npm/npm-private/svelte/-/svelte-3.46.1.tgz",
      "integrity": "sha1-jqI1lYJKOdR9BMFsIXAA+8TFLEk=",
      "dev": true,
      "license": "MIT",
      "engines": {
        "node": ">= 8"
      }
    },
    "node_modules/svelte-hmr": {
      "version": "0.14.9",
      "resolved": "https://artifacts.apple.com/api/npm/npm-private/svelte-hmr/-/svelte-hmr-0.14.9.tgz",
      "integrity": "sha1-NfJ378eJ4aYjAYVxc0fN2y+OmDM=",
      "dev": true,
      "license": "ISC",
      "peerDependencies": {
        "svelte": ">=3.19.0"
      }
    },
    "node_modules/tiny-glob": {
      "version": "0.2.9",
      "resolved": "https://artifacts.apple.com/api/npm/npm-private/tiny-glob/-/tiny-glob-0.2.9.tgz",
      "integrity": "sha1-IhLUQawXkoAzsRD4s2QGgxKdMeI=",
      "dev": true,
      "license": "MIT",
      "dependencies": {
        "globalyzer": "0.1.0",
        "globrex": "^0.1.2"
      }
    },
    "node_modules/vite": {
      "version": "2.7.12",
      "resolved": "https://artifacts.apple.com/api/npm/npm-private/vite/-/vite-2.7.12.tgz",
      "integrity": "sha1-d4SrGef/mPahktLX2HdICowrfn0=",
      "dev": true,
      "license": "MIT",
      "dependencies": {
        "esbuild": "^0.13.12",
        "postcss": "^8.4.5",
        "resolve": "^1.20.0",
        "rollup": "^2.59.0"
      },
      "bin": {
        "vite": "bin/vite.js"
      },
      "engines": {
        "node": ">=12.2.0"
      },
      "optionalDependencies": {
        "fsevents": "~2.3.2"
      },
      "peerDependencies": {
        "less": "*",
        "sass": "*",
        "stylus": "*"
      },
      "peerDependenciesMeta": {
        "less": {
          "optional": true
        },
        "sass": {
          "optional": true
        },
        "stylus": {
          "optional": true
        }
      }
    }
  },
  "dependencies": {
    "@fontsource/fira-mono": {
      "version": "4.5.0",
      "resolved": "https://artifacts.apple.com/api/npm/npm-private/@fontsource/fira-mono/-/fira-mono-4.5.0.tgz",
      "integrity": "sha1-vql6VLYNwmnRx4RpsAeDWvRN+n8="
    },
    "@iarna/toml": {
      "version": "2.2.5",
      "resolved": "https://artifacts.apple.com/api/npm/npm-private/@iarna/toml/-/toml-2.2.5.tgz",
      "integrity": "sha1-syNmyJtDxvjO+976x3i5yCjjuow=",
      "dev": true
    },
    "@lukeed/csprng": {
      "version": "1.0.1",
      "resolved": "https://artifacts.apple.com/api/npm/npm-private/@lukeed/csprng/-/csprng-1.0.1.tgz",
      "integrity": "sha1-Yl6ToO2yyDDjxSzi1nudUzd8amY="
    },
    "@lukeed/uuid": {
      "version": "2.0.0",
      "resolved": "https://artifacts.apple.com/api/npm/npm-private/@lukeed/uuid/-/uuid-2.0.0.tgz",
      "integrity": "sha1-HA8zwHHLaQK8O55HV4KtpzFO+b0=",
      "requires": {
        "@lukeed/csprng": "^1.0.0"
      }
    },
    "@rollup/pluginutils": {
      "version": "4.1.2",
      "resolved": "https://artifacts.apple.com/api/npm/npm-private/@rollup/pluginutils/-/pluginutils-4.1.2.tgz",
      "integrity": "sha1-7VghwV5eBeMoFvX7nsYHzfWnV1E=",
      "dev": true,
      "requires": {
        "estree-walker": "^2.0.1",
        "picomatch": "^2.2.2"
      }
    },
    "@sveltejs/adapter-auto": {
      "version": "1.0.0-next.10",
      "resolved": "https://artifacts.apple.com/api/npm/npm-private/@sveltejs/adapter-auto/-/adapter-auto-1.0.0-next.10.tgz",
      "integrity": "sha1-x0Ny6TmPJL/270k+3NXRSBpR0gs=",
      "dev": true,
      "requires": {
        "@sveltejs/adapter-cloudflare": "1.0.0-next.7",
        "@sveltejs/adapter-netlify": "1.0.0-next.38",
        "@sveltejs/adapter-vercel": "1.0.0-next.36"
      }
    },
    "@sveltejs/adapter-cloudflare": {
      "version": "1.0.0-next.7",
      "resolved": "https://artifacts.apple.com/api/npm/npm-private/@sveltejs/adapter-cloudflare/-/adapter-cloudflare-1.0.0-next.7.tgz",
      "integrity": "sha1-21zm3z0Tnur208XezFAr8e7QgII=",
      "dev": true,
      "requires": {
        "esbuild": "^0.13.15"
      }
    },
    "@sveltejs/adapter-netlify": {
      "version": "1.0.0-next.38",
      "resolved": "https://artifacts.apple.com/api/npm/npm-private/@sveltejs/adapter-netlify/-/adapter-netlify-1.0.0-next.38.tgz",
      "integrity": "sha1-G3EOaxHYM4WvDnKaQIZrMsnHZ4g=",
      "dev": true,
      "requires": {
        "@iarna/toml": "^2.2.5",
        "esbuild": "^0.13.15",
        "tiny-glob": "^0.2.9"
      }
    },
    "@sveltejs/adapter-vercel": {
      "version": "1.0.0-next.36",
      "resolved": "https://artifacts.apple.com/api/npm/npm-private/@sveltejs/adapter-vercel/-/adapter-vercel-1.0.0-next.36.tgz",
      "integrity": "sha1-QWMxRGEpOqKa8UGYg9AXCojdYdU=",
      "dev": true,
      "requires": {
        "esbuild": "^0.13.15"
      }
    },
    "@sveltejs/kit": {
      "version": "1.0.0-next.229",
      "resolved": "https://artifacts.apple.com/api/npm/npm-private/@sveltejs/kit/-/kit-1.0.0-next.229.tgz",
      "integrity": "sha1-nTc9zw1XL88AwG9Ud4EMPDGIEMU=",
      "dev": true,
      "requires": {
        "@sveltejs/vite-plugin-svelte": "^1.0.0-next.32",
        "sade": "^1.7.4",
        "vite": "^2.7.2"
      }
    },
    "@sveltejs/vite-plugin-svelte": {
      "version": "1.0.0-next.34",
      "resolved": "https://artifacts.apple.com/api/npm/npm-private/@sveltejs/vite-plugin-svelte/-/vite-plugin-svelte-1.0.0-next.34.tgz",
      "integrity": "sha1-JBULpXJlLLOr38EgXWquIybMk7Q=",
      "dev": true,
      "requires": {
        "@rollup/pluginutils": "^4.1.2",
        "debug": "^4.3.3",
        "kleur": "^4.1.4",
        "magic-string": "^0.25.7",
        "require-relative": "^0.8.7",
        "svelte-hmr": "^0.14.9"
      }
    },
    "cookie": {
      "version": "0.4.1",
      "resolved": "https://artifacts.apple.com/api/npm/npm-private/cookie/-/cookie-0.4.1.tgz",
      "integrity": "sha1-r9cT/ibr0hupXOth+agRblClN9E="
    },
    "debug": {
      "version": "4.3.3",
      "resolved": "https://artifacts.apple.com/api/npm/npm-private/debug/-/debug-4.3.3.tgz",
      "integrity": "sha1-BCZuC3CpjURi5uKI44JZITMytmQ=",
      "dev": true,
      "requires": {
        "ms": "2.1.2"
      }
    },
    "esbuild": {
      "version": "0.13.15",
      "resolved": "https://artifacts.apple.com/api/npm/npm-private/esbuild/-/esbuild-0.13.15.tgz",
      "integrity": "sha1-21aogWbuNz+H27LYeY/0SeBFDN8=",
      "dev": true,
      "requires": {
        "esbuild-android-arm64": "0.13.15",
        "esbuild-darwin-64": "0.13.15",
        "esbuild-darwin-arm64": "0.13.15",
        "esbuild-freebsd-64": "0.13.15",
        "esbuild-freebsd-arm64": "0.13.15",
        "esbuild-linux-32": "0.13.15",
        "esbuild-linux-64": "0.13.15",
        "esbuild-linux-arm": "0.13.15",
        "esbuild-linux-arm64": "0.13.15",
        "esbuild-linux-mips64le": "0.13.15",
        "esbuild-linux-ppc64le": "0.13.15",
        "esbuild-netbsd-64": "0.13.15",
        "esbuild-openbsd-64": "0.13.15",
        "esbuild-sunos-64": "0.13.15",
        "esbuild-windows-32": "0.13.15",
        "esbuild-windows-64": "0.13.15",
        "esbuild-windows-arm64": "0.13.15"
      }
    },
    "esbuild-android-arm64": {
      "version": "0.13.15",
      "resolved": "https://artifacts.apple.com/api/npm/npm-private/esbuild-android-arm64/-/esbuild-android-arm64-0.13.15.tgz",
      "integrity": "sha1-P8P/C6t2/jXdI3R2tdKzK7IKPUQ=",
      "dev": true,
      "optional": true
    },
    "esbuild-darwin-64": {
      "version": "0.13.15",
      "resolved": "https://artifacts.apple.com/api/npm/npm-private/esbuild-darwin-64/-/esbuild-darwin-64-0.13.15.tgz",
      "integrity": "sha1-jpFpwWuvRE6s7GDQmyTRGyVajnI=",
      "dev": true,
      "optional": true
    },
    "esbuild-darwin-arm64": {
      "version": "0.13.15",
      "resolved": "https://artifacts.apple.com/api/npm/npm-private/esbuild-darwin-arm64/-/esbuild-darwin-arm64-0.13.15.tgz",
      "integrity": "sha1-Gwf4k7YyEU+AXhiN38pBsrd4Ipo=",
      "dev": true,
      "optional": true
    },
    "esbuild-freebsd-64": {
      "version": "0.13.15",
      "resolved": "https://artifacts.apple.com/api/npm/npm-private/esbuild-freebsd-64/-/esbuild-freebsd-64-0.13.15.tgz",
      "integrity": "sha1-C4t+yhaQyOyUx1aAw4wHJpwfSoU=",
      "dev": true,
      "optional": true
    },
    "esbuild-freebsd-arm64": {
      "version": "0.13.15",
      "resolved": "https://artifacts.apple.com/api/npm/npm-private/esbuild-freebsd-arm64/-/esbuild-freebsd-arm64-0.13.15.tgz",
      "integrity": "sha1-LhpsaWv9zSCplXi3Y1C0HbGTTlI=",
      "dev": true,
      "optional": true
    },
    "esbuild-linux-32": {
      "version": "0.13.15",
      "resolved": "https://artifacts.apple.com/api/npm/npm-private/esbuild-linux-32/-/esbuild-linux-32-0.13.15.tgz",
      "integrity": "sha1-b9OfNvxm3UW2tfUVcox7vrw0Kmk=",
      "dev": true,
      "optional": true
    },
    "esbuild-linux-64": {
      "version": "0.13.15",
      "resolved": "https://artifacts.apple.com/api/npm/npm-private/esbuild-linux-64/-/esbuild-linux-64-0.13.15.tgz",
      "integrity": "sha1-nLjkvNdXTmeUbk7l8fHhI4a7bdM=",
      "dev": true,
      "optional": true
    },
    "esbuild-linux-arm": {
      "version": "0.13.15",
      "resolved": "https://artifacts.apple.com/api/npm/npm-private/esbuild-linux-arm/-/esbuild-linux-arm-0.13.15.tgz",
      "integrity": "sha1-igDpnmoMbJprfzNIQTZNiitK7P4=",
      "dev": true,
      "optional": true
    },
    "esbuild-linux-arm64": {
      "version": "0.13.15",
      "resolved": "https://artifacts.apple.com/api/npm/npm-private/esbuild-linux-arm64/-/esbuild-linux-arm64-0.13.15.tgz",
      "integrity": "sha1-OJGqNwTsV5obktKlhhIuW2or+6E=",
      "dev": true,
      "optional": true
    },
    "esbuild-linux-mips64le": {
      "version": "0.13.15",
      "resolved": "https://artifacts.apple.com/api/npm/npm-private/esbuild-linux-mips64le/-/esbuild-linux-mips64le-0.13.15.tgz",
      "integrity": "sha1-NrB8xHw9IeSNs7sfTZ749Grq1Pc=",
      "dev": true,
      "optional": true
    },
    "esbuild-linux-ppc64le": {
      "version": "0.13.15",
      "resolved": "https://artifacts.apple.com/api/npm/npm-private/esbuild-linux-ppc64le/-/esbuild-linux-ppc64le-0.13.15.tgz",
      "integrity": "sha1-9+a7pAuaEeudyuWwFVDqBGcO2tI=",
      "dev": true,
      "optional": true
    },
    "esbuild-netbsd-64": {
      "version": "0.13.15",
      "resolved": "https://artifacts.apple.com/api/npm/npm-private/esbuild-netbsd-64/-/esbuild-netbsd-64-0.13.15.tgz",
      "integrity": "sha1-ov7cVJwrYp1YCnMthAcSsI1EADg=",
      "dev": true,
      "optional": true
    },
    "esbuild-openbsd-64": {
      "version": "0.13.15",
      "resolved": "https://artifacts.apple.com/api/npm/npm-private/esbuild-openbsd-64/-/esbuild-openbsd-64-0.13.15.tgz",
      "integrity": "sha1-siwOWAbTofvwMlhyA3+IUwawXNc=",
      "dev": true,
      "optional": true
    },
    "esbuild-sunos-64": {
      "version": "0.13.15",
      "resolved": "https://artifacts.apple.com/api/npm/npm-private/esbuild-sunos-64/-/esbuild-sunos-64-0.13.15.tgz",
      "integrity": "sha1-0LZFSog3XujTlk2u/1XIXJHHzvQ=",
      "dev": true,
      "optional": true
    },
    "esbuild-windows-32": {
      "version": "0.13.15",
      "resolved": "https://artifacts.apple.com/api/npm/npm-private/esbuild-windows-32/-/esbuild-windows-32-0.13.15.tgz",
      "integrity": "sha1-yW0Lm7tS8zAzIlgu+OSEfFrTdac=",
      "dev": true,
      "optional": true
    },
    "esbuild-windows-64": {
      "version": "0.13.15",
      "resolved": "https://artifacts.apple.com/api/npm/npm-private/esbuild-windows-64/-/esbuild-windows-64-0.13.15.tgz",
      "integrity": "sha1-H3nLmx4bsC+yXNQUy5DU6iiSwpQ=",
      "dev": true,
      "optional": true
    },
    "esbuild-windows-arm64": {
      "version": "0.13.15",
      "resolved": "https://artifacts.apple.com/api/npm/npm-private/esbuild-windows-arm64/-/esbuild-windows-arm64-0.13.15.tgz",
      "integrity": "sha1-SCFzBwgQ3yKnUsaGUJw3DDvjs8M=",
      "dev": true,
      "optional": true
    },
    "estree-walker": {
      "version": "2.0.2",
      "resolved": "https://artifacts.apple.com/api/npm/npm-private/estree-walker/-/estree-walker-2.0.2.tgz",
      "integrity": "sha1-UvAQF4wqTBF6d1fP6UKtt9LaTKw=",
      "dev": true
    },
    "fsevents": {
      "version": "2.3.2",
      "resolved": "https://artifacts.apple.com/api/npm/npm-private/fsevents/-/fsevents-2.3.2.tgz",
      "integrity": "sha1-ilJveLj99GI7cJ4Ll1xSwkwC/Ro=",
      "dev": true,
      "optional": true
    },
    "function-bind": {
      "version": "1.1.1",
      "resolved": "https://artifacts.apple.com/api/npm/npm-private/function-bind/-/function-bind-1.1.1.tgz",
      "integrity": "sha1-pWiZ0+o8m6uHS7l3O3xe3pL0iV0=",
      "dev": true
    },
    "globalyzer": {
      "version": "0.1.0",
      "resolved": "https://artifacts.apple.com/api/npm/npm-private/globalyzer/-/globalyzer-0.1.0.tgz",
      "integrity": "sha1-y3baeVVWaaFRnVqO3wk6+qC/FGU=",
      "dev": true
    },
    "globrex": {
      "version": "0.1.2",
      "resolved": "https://artifacts.apple.com/api/npm/npm-private/globrex/-/globrex-0.1.2.tgz",
      "integrity": "sha1-3V2eyCYjJzDNZ5Ol4zqTApheYJg=",
      "dev": true
    },
    "has": {
      "version": "1.0.3",
      "resolved": "https://artifacts.apple.com/api/npm/npm-private/has/-/has-1.0.3.tgz",
      "integrity": "sha1-ci18v8H2qoJB8W3YFOAR4fQeh5Y=",
      "dev": true,
      "requires": {
        "function-bind": "^1.1.1"
      }
    },
    "is-core-module": {
      "version": "2.8.1",
      "resolved": "https://artifacts.apple.com/api/npm/npm-private/is-core-module/-/is-core-module-2.8.1.tgz",
      "integrity": "sha1-9Z/fynAdWHnQprEApAqhVgzichE=",
      "dev": true,
      "requires": {
        "has": "^1.0.3"
      }
    },
    "kleur": {
      "version": "4.1.4",
      "resolved": "https://artifacts.apple.com/api/npm/npm-private/kleur/-/kleur-4.1.4.tgz",
      "integrity": "sha1-jCAph9fld3ZtA5qM1GGTTAHNoE0=",
      "dev": true
    },
    "magic-string": {
      "version": "0.25.7",
      "resolved": "https://artifacts.apple.com/api/npm/npm-private/magic-string/-/magic-string-0.25.7.tgz",
      "integrity": "sha1-P0l9b9NMZpxnmNy4IfLvMfVEUFE=",
      "dev": true,
      "requires": {
        "sourcemap-codec": "^1.4.4"
      }
    },
    "mri": {
      "version": "1.2.0",
      "resolved": "https://artifacts.apple.com/api/npm/npm-private/mri/-/mri-1.2.0.tgz",
      "integrity": "sha1-ZyFID+wqEaSImGERWki2y+fMjws=",
      "dev": true
    },
    "ms": {
      "version": "2.1.2",
      "resolved": "https://artifacts.apple.com/api/npm/npm-private/ms/-/ms-2.1.2.tgz",
      "integrity": "sha1-0J0fNXtEP0kzgqjrPM0YOHKuYAk=",
      "dev": true
    },
    "nanoid": {
      "version": "3.1.32",
      "resolved": "https://artifacts.apple.com/api/npm/npm-private/nanoid/-/nanoid-3.1.32.tgz",
      "integrity": "sha1-j5YGnmI5zAqa6MDTtBo7STOojAo=",
      "dev": true
    },
    "path-parse": {
      "version": "1.0.7",
      "resolved": "https://artifacts.apple.com/api/npm/npm-private/path-parse/-/path-parse-1.0.7.tgz",
      "integrity": "sha1-+8EUtgykKzDZ2vWFjkvWi77bZzU=",
      "dev": true
    },
    "picocolors": {
      "version": "1.0.0",
      "resolved": "https://artifacts.apple.com/api/npm/npm-private/picocolors/-/picocolors-1.0.0.tgz",
      "integrity": "sha1-y1vcdP8/UYkiNur3nWi8RFZKuBw=",
      "dev": true
    },
    "picomatch": {
      "version": "2.3.1",
      "resolved": "https://artifacts.apple.com/api/npm/npm-private/picomatch/-/picomatch-2.3.1.tgz",
      "integrity": "sha1-O6ODNzNkbZ0+SZWUbBNlpn+wekI=",
      "dev": true
    },
    "postcss": {
      "version": "8.4.5",
      "resolved": "https://artifacts.apple.com/api/npm/npm-private/postcss/-/postcss-8.4.5.tgz",
      "integrity": "sha1-uuZldk39TG/MJNwP3356oAzHf5U=",
      "dev": true,
      "requires": {
        "nanoid": "^3.1.30",
        "picocolors": "^1.0.0",
        "source-map-js": "^1.0.1"
      }
    },
    "require-relative": {
      "version": "0.8.7",
      "resolved": "https://artifacts.apple.com/api/npm/npm-private/require-relative/-/require-relative-0.8.7.tgz",
      "integrity": "sha1-eZlTn8ngR6N5KPoZb44VY9q9Nt4=",
      "dev": true
    },
    "resolve": {
      "version": "1.21.0",
      "resolved": "https://artifacts.apple.com/api/npm/npm-private/resolve/-/resolve-1.21.0.tgz",
      "integrity": "sha1-tRrcl/NHLmpc9ERNNLyda5A3WR8=",
      "dev": true,
      "requires": {
        "is-core-module": "^2.8.0",
        "path-parse": "^1.0.7",
        "supports-preserve-symlinks-flag": "^1.0.0"
      }
    },
    "rollup": {
      "version": "2.63.0",
      "resolved": "https://artifacts.apple.com/api/npm/npm-private/rollup/-/rollup-2.63.0.tgz",
      "integrity": "sha1-/i9/7CEz8/q54CK5rCRWKNgXxrs=",
      "dev": true,
      "requires": {
        "fsevents": "~2.3.2"
      }
    },
    "sade": {
      "version": "1.8.1",
      "resolved": "https://artifacts.apple.com/api/npm/npm-private/sade/-/sade-1.8.1.tgz",
      "integrity": "sha1-CnjoHWWNOUiHvlfSpAm/cDo7JwE=",
      "dev": true,
      "requires": {
        "mri": "^1.1.0"
      }
    },
    "source-map-js": {
      "version": "1.0.1",
      "resolved": "https://artifacts.apple.com/api/npm/npm-private/source-map-js/-/source-map-js-1.0.1.tgz",
      "integrity": "sha1-oXQcEx48d9BIJSrfok4juQhnDK8=",
      "dev": true
    },
    "sourcemap-codec": {
      "version": "1.4.8",
      "resolved": "https://artifacts.apple.com/api/npm/npm-private/sourcemap-codec/-/sourcemap-codec-1.4.8.tgz",
      "integrity": "sha1-6oBL2UhXQC5pktBaOO8a41qatMQ=",
      "dev": true
    },
    "supports-preserve-symlinks-flag": {
      "version": "1.0.0",
      "resolved": "https://artifacts.apple.com/api/npm/npm-private/supports-preserve-symlinks-flag/-/supports-preserve-symlinks-flag-1.0.0.tgz",
      "integrity": "sha1-btpL00SjyUrqN21MwxvHcxEDngk=",
      "dev": true
    },
    "svelte": {
      "version": "3.46.1",
      "resolved": "https://artifacts.apple.com/api/npm/npm-private/svelte/-/svelte-3.46.1.tgz",
      "integrity": "sha1-jqI1lYJKOdR9BMFsIXAA+8TFLEk=",
      "dev": true
    },
    "svelte-hmr": {
      "version": "0.14.9",
      "resolved": "https://artifacts.apple.com/api/npm/npm-private/svelte-hmr/-/svelte-hmr-0.14.9.tgz",
      "integrity": "sha1-NfJ378eJ4aYjAYVxc0fN2y+OmDM=",
      "dev": true,
      "requires": {}
    },
    "tiny-glob": {
      "version": "0.2.9",
      "resolved": "https://artifacts.apple.com/api/npm/npm-private/tiny-glob/-/tiny-glob-0.2.9.tgz",
      "integrity": "sha1-IhLUQawXkoAzsRD4s2QGgxKdMeI=",
      "dev": true,
      "requires": {
        "globalyzer": "0.1.0",
        "globrex": "^0.1.2"
      }
    },
    "vite": {
      "version": "2.7.12",
      "resolved": "https://artifacts.apple.com/api/npm/npm-private/vite/-/vite-2.7.12.tgz",
      "integrity": "sha1-d4SrGef/mPahktLX2HdICowrfn0=",
      "dev": true,
      "requires": {
        "esbuild": "^0.13.12",
        "fsevents": "~2.3.2",
        "postcss": "^8.4.5",
        "resolve": "^1.20.0",
        "rollup": "^2.59.0"
      }
    }
  }
}
